// !$*UTF8*$!
{
	archiveVersion = 1;
	classes = {
	};
	objectVersion = 50;
	objects = {

/* Begin PBXBuildFile section */
		2D67CC9527066AB3004AF62D /* AppDelegate.swift in Sources */ = {isa = PBXBuildFile; fileRef = 2D67CC9427066AB3004AF62D /* AppDelegate.swift */; };
		2D67CC9727066AB3004AF62D /* SceneDelegate.swift in Sources */ = {isa = PBXBuildFile; fileRef = 2D67CC9627066AB3004AF62D /* SceneDelegate.swift */; };
		2D67CC9927066AB3004AF62D /* ViewController.swift in Sources */ = {isa = PBXBuildFile; fileRef = 2D67CC9827066AB3004AF62D /* ViewController.swift */; };
		2D67CC9C27066AB3004AF62D /* Main.storyboard in Resources */ = {isa = PBXBuildFile; fileRef = 2D67CC9A27066AB3004AF62D /* Main.storyboard */; };
		2D67CC9E27066AB8004AF62D /* Images.xcassets in Resources */ = {isa = PBXBuildFile; fileRef = 2D67CC9D27066AB8004AF62D /* Images.xcassets */; };
		2D67CCA127066AB8004AF62D /* LaunchScreen.storyboard in Resources */ = {isa = PBXBuildFile; fileRef = 2D67CC9F27066AB8004AF62D /* LaunchScreen.storyboard */; };
		2D67CCAC27066AB9004AF62D /* ClassifiedsTests.swift in Sources */ = {isa = PBXBuildFile; fileRef = 2D67CCAB27066AB9004AF62D /* ClassifiedsTests.swift */; };
		2D67CCB727066AB9004AF62D /* ClassifiedsUITests.swift in Sources */ = {isa = PBXBuildFile; fileRef = 2D67CCB627066AB9004AF62D /* ClassifiedsUITests.swift */; };
		2D67CCEA27066B95004AF62D /* Colors.xcassets in Resources */ = {isa = PBXBuildFile; fileRef = 2D67CCE927066B95004AF62D /* Colors.xcassets */; };
/* End PBXBuildFile section */

/* Begin PBXContainerItemProxy section */
		2D67CCA827066AB9004AF62D /* PBXContainerItemProxy */ = {
			isa = PBXContainerItemProxy;
			containerPortal = 2D67CC8927066AB3004AF62D /* Project object */;
			proxyType = 1;
			remoteGlobalIDString = 2D67CC9027066AB3004AF62D;
			remoteInfo = Classifieds;
		};
		2D67CCB327066AB9004AF62D /* PBXContainerItemProxy */ = {
			isa = PBXContainerItemProxy;
			containerPortal = 2D67CC8927066AB3004AF62D /* Project object */;
			proxyType = 1;
			remoteGlobalIDString = 2D67CC9027066AB3004AF62D;
			remoteInfo = Classifieds;
		};
/* End PBXContainerItemProxy section */

/* Begin PBXFileReference section */
		2D67CC9127066AB3004AF62D /* Classifieds.app */ = {isa = PBXFileReference; explicitFileType = wrapper.application; includeInIndex = 0; path = Classifieds.app; sourceTree = BUILT_PRODUCTS_DIR; };
		2D67CC9427066AB3004AF62D /* AppDelegate.swift */ = {isa = PBXFileReference; lastKnownFileType = sourcecode.swift; path = AppDelegate.swift; sourceTree = "<group>"; };
		2D67CC9627066AB3004AF62D /* SceneDelegate.swift */ = {isa = PBXFileReference; lastKnownFileType = sourcecode.swift; path = SceneDelegate.swift; sourceTree = "<group>"; };
		2D67CC9827066AB3004AF62D /* ViewController.swift */ = {isa = PBXFileReference; lastKnownFileType = sourcecode.swift; path = ViewController.swift; sourceTree = "<group>"; };
		2D67CC9B27066AB3004AF62D /* Base */ = {isa = PBXFileReference; lastKnownFileType = file.storyboard; name = Base; path = Base.lproj/Main.storyboard; sourceTree = "<group>"; };
		2D67CC9D27066AB8004AF62D /* Images.xcassets */ = {isa = PBXFileReference; lastKnownFileType = folder.assetcatalog; path = Images.xcassets; sourceTree = "<group>"; };
		2D67CCA027066AB8004AF62D /* Base */ = {isa = PBXFileReference; lastKnownFileType = file.storyboard; name = Base; path = Base.lproj/LaunchScreen.storyboard; sourceTree = "<group>"; };
		2D67CCA227066AB8004AF62D /* Info.plist */ = {isa = PBXFileReference; lastKnownFileType = text.plist.xml; path = Info.plist; sourceTree = "<group>"; };
		2D67CCA727066AB9004AF62D /* Tests.xctest */ = {isa = PBXFileReference; explicitFileType = wrapper.cfbundle; includeInIndex = 0; path = Tests.xctest; sourceTree = BUILT_PRODUCTS_DIR; };
		2D67CCAB27066AB9004AF62D /* ClassifiedsTests.swift */ = {isa = PBXFileReference; lastKnownFileType = sourcecode.swift; path = ClassifiedsTests.swift; sourceTree = "<group>"; };
		2D67CCAD27066AB9004AF62D /* Info.plist */ = {isa = PBXFileReference; lastKnownFileType = text.plist.xml; path = Info.plist; sourceTree = "<group>"; };
		2D67CCB227066AB9004AF62D /* UITests.xctest */ = {isa = PBXFileReference; explicitFileType = wrapper.cfbundle; includeInIndex = 0; path = UITests.xctest; sourceTree = BUILT_PRODUCTS_DIR; };
		2D67CCB627066AB9004AF62D /* ClassifiedsUITests.swift */ = {isa = PBXFileReference; lastKnownFileType = sourcecode.swift; path = ClassifiedsUITests.swift; sourceTree = "<group>"; };
		2D67CCB827066AB9004AF62D /* Info.plist */ = {isa = PBXFileReference; lastKnownFileType = text.plist.xml; path = Info.plist; sourceTree = "<group>"; };
		2D67CCE927066B95004AF62D /* Colors.xcassets */ = {isa = PBXFileReference; lastKnownFileType = folder.assetcatalog; path = Colors.xcassets; sourceTree = "<group>"; };
/* End PBXFileReference section */

/* Begin PBXFrameworksBuildPhase section */
		2D67CC8E27066AB3004AF62D /* Frameworks */ = {
			isa = PBXFrameworksBuildPhase;
			buildActionMask = 2147483647;
			files = (
			);
			runOnlyForDeploymentPostprocessing = 0;
		};
		2D67CCA427066AB9004AF62D /* Frameworks */ = {
			isa = PBXFrameworksBuildPhase;
			buildActionMask = 2147483647;
			files = (
			);
			runOnlyForDeploymentPostprocessing = 0;
		};
		2D67CCAF27066AB9004AF62D /* Frameworks */ = {
			isa = PBXFrameworksBuildPhase;
			buildActionMask = 2147483647;
			files = (
			);
			runOnlyForDeploymentPostprocessing = 0;
		};
/* End PBXFrameworksBuildPhase section */

/* Begin PBXGroup section */
		2D67CC8827066AB3004AF62D = {
			isa = PBXGroup;
			children = (
				2D67CC9327066AB3004AF62D /* App */,
				2D67CCAA27066AB9004AF62D /* Tests */,
				2D67CCB527066AB9004AF62D /* UITests */,
				2D67CC9227066AB3004AF62D /* Products */,
			);
			sourceTree = "<group>";
		};
		2D67CC9227066AB3004AF62D /* Products */ = {
			isa = PBXGroup;
			children = (
				2D67CC9127066AB3004AF62D /* Classifieds.app */,
				2D67CCA727066AB9004AF62D /* Tests.xctest */,
				2D67CCB227066AB9004AF62D /* UITests.xctest */,
			);
			name = Products;
			sourceTree = "<group>";
		};
		2D67CC9327066AB3004AF62D /* App */ = {
			isa = PBXGroup;
			children = (
				2D67CCE527066B62004AF62D /* Sources */,
				2D67CCE627066B6D004AF62D /* Resources */,
				2D67CCE727066B77004AF62D /* SupportingFiles */,
			);
			path = App;
			sourceTree = "<group>";
		};
		2D67CCAA27066AB9004AF62D /* Tests */ = {
			isa = PBXGroup;
			children = (
				2D67CCAB27066AB9004AF62D /* ClassifiedsTests.swift */,
				2D67CCAD27066AB9004AF62D /* Info.plist */,
			);
			path = Tests;
			sourceTree = "<group>";
		};
		2D67CCB527066AB9004AF62D /* UITests */ = {
			isa = PBXGroup;
			children = (
				2D67CCB627066AB9004AF62D /* ClassifiedsUITests.swift */,
				2D67CCB827066AB9004AF62D /* Info.plist */,
			);
			path = UITests;
			sourceTree = "<group>";
		};
		2D67CCE527066B62004AF62D /* Sources */ = {
			isa = PBXGroup;
			children = (
				2D67CC9427066AB3004AF62D /* AppDelegate.swift */,
				2D67CC9627066AB3004AF62D /* SceneDelegate.swift */,
				2D67CC9827066AB3004AF62D /* ViewController.swift */,
				2D67CC9A27066AB3004AF62D /* Main.storyboard */,
				2D67CC9F27066AB8004AF62D /* LaunchScreen.storyboard */,
			);
			path = Sources;
			sourceTree = "<group>";
		};
		2D67CCE627066B6D004AF62D /* Resources */ = {
			isa = PBXGroup;
			children = (
				2D67CCE927066B95004AF62D /* Colors.xcassets */,
				2D67CC9D27066AB8004AF62D /* Images.xcassets */,
			);
			path = Resources;
			sourceTree = "<group>";
		};
		2D67CCE727066B77004AF62D /* SupportingFiles */ = {
			isa = PBXGroup;
			children = (
				2D67CCA227066AB8004AF62D /* Info.plist */,
			);
			path = SupportingFiles;
			sourceTree = "<group>";
		};
/* End PBXGroup section */

/* Begin PBXNativeTarget section */
		2D67CC9027066AB3004AF62D /* Classifieds */ = {
			isa = PBXNativeTarget;
			buildConfigurationList = 2D67CCBB27066AB9004AF62D /* Build configuration list for PBXNativeTarget "Classifieds" */;
			buildPhases = (
				2D67CC8D27066AB3004AF62D /* Sources */,
				2D67CC8E27066AB3004AF62D /* Frameworks */,
				2D67CC8F27066AB3004AF62D /* Resources */,
			);
			buildRules = (
			);
			dependencies = (
			);
			name = Classifieds;
			productName = Classifieds;
			productReference = 2D67CC9127066AB3004AF62D /* Classifieds.app */;
			productType = "com.apple.product-type.application";
		};
		2D67CCA627066AB9004AF62D /* Tests */ = {
			isa = PBXNativeTarget;
			buildConfigurationList = 2D67CCBE27066AB9004AF62D /* Build configuration list for PBXNativeTarget "Tests" */;
			buildPhases = (
				2D67CCA327066AB9004AF62D /* Sources */,
				2D67CCA427066AB9004AF62D /* Frameworks */,
				2D67CCA527066AB9004AF62D /* Resources */,
			);
			buildRules = (
			);
			dependencies = (
				2D67CCA927066AB9004AF62D /* PBXTargetDependency */,
			);
			name = Tests;
			productName = ClassifiedsTests;
			productReference = 2D67CCA727066AB9004AF62D /* Tests.xctest */;
			productType = "com.apple.product-type.bundle.unit-test";
		};
		2D67CCB127066AB9004AF62D /* UITests */ = {
			isa = PBXNativeTarget;
			buildConfigurationList = 2D67CCC127066AB9004AF62D /* Build configuration list for PBXNativeTarget "UITests" */;
			buildPhases = (
				2D67CCAE27066AB9004AF62D /* Sources */,
				2D67CCAF27066AB9004AF62D /* Frameworks */,
				2D67CCB027066AB9004AF62D /* Resources */,
			);
			buildRules = (
			);
			dependencies = (
				2D67CCB427066AB9004AF62D /* PBXTargetDependency */,
			);
			name = UITests;
			productName = ClassifiedsUITests;
			productReference = 2D67CCB227066AB9004AF62D /* UITests.xctest */;
			productType = "com.apple.product-type.bundle.ui-testing";
		};
/* End PBXNativeTarget section */

/* Begin PBXProject section */
		2D67CC8927066AB3004AF62D /* Project object */ = {
			isa = PBXProject;
			attributes = {
				LastSwiftUpdateCheck = 1240;
				LastUpgradeCheck = 1240;
				TargetAttributes = {
					2D67CC9027066AB3004AF62D = {
						CreatedOnToolsVersion = 12.4;
					};
					2D67CCA627066AB9004AF62D = {
						CreatedOnToolsVersion = 12.4;
						TestTargetID = 2D67CC9027066AB3004AF62D;
					};
					2D67CCB127066AB9004AF62D = {
						CreatedOnToolsVersion = 12.4;
						TestTargetID = 2D67CC9027066AB3004AF62D;
					};
				};
			};
			buildConfigurationList = 2D67CC8C27066AB3004AF62D /* Build configuration list for PBXProject "Classifieds" */;
			compatibilityVersion = "Xcode 9.3";
			developmentRegion = en;
			hasScannedForEncodings = 0;
			knownRegions = (
				en,
				Base,
			);
			mainGroup = 2D67CC8827066AB3004AF62D;
			productRefGroup = 2D67CC9227066AB3004AF62D /* Products */;
			projectDirPath = "";
			projectRoot = "";
			targets = (
				2D67CC9027066AB3004AF62D /* Classifieds */,
				2D67CCA627066AB9004AF62D /* Tests */,
				2D67CCB127066AB9004AF62D /* UITests */,
			);
		};
/* End PBXProject section */

/* Begin PBXResourcesBuildPhase section */
		2D67CC8F27066AB3004AF62D /* Resources */ = {
			isa = PBXResourcesBuildPhase;
			buildActionMask = 2147483647;
			files = (
				2D67CCA127066AB8004AF62D /* LaunchScreen.storyboard in Resources */,
				2D67CCEA27066B95004AF62D /* Colors.xcassets in Resources */,
				2D67CC9E27066AB8004AF62D /* Images.xcassets in Resources */,
				2D67CC9C27066AB3004AF62D /* Main.storyboard in Resources */,
			);
			runOnlyForDeploymentPostprocessing = 0;
		};
		2D67CCA527066AB9004AF62D /* Resources */ = {
			isa = PBXResourcesBuildPhase;
			buildActionMask = 2147483647;
			files = (
			);
			runOnlyForDeploymentPostprocessing = 0;
		};
		2D67CCB027066AB9004AF62D /* Resources */ = {
			isa = PBXResourcesBuildPhase;
			buildActionMask = 2147483647;
			files = (
			);
			runOnlyForDeploymentPostprocessing = 0;
		};
/* End PBXResourcesBuildPhase section */

/* Begin PBXSourcesBuildPhase section */
		2D67CC8D27066AB3004AF62D /* Sources */ = {
			isa = PBXSourcesBuildPhase;
			buildActionMask = 2147483647;
			files = (
				2D67CC9927066AB3004AF62D /* ViewController.swift in Sources */,
				2D67CC9527066AB3004AF62D /* AppDelegate.swift in Sources */,
				2D67CC9727066AB3004AF62D /* SceneDelegate.swift in Sources */,
			);
			runOnlyForDeploymentPostprocessing = 0;
		};
		2D67CCA327066AB9004AF62D /* Sources */ = {
			isa = PBXSourcesBuildPhase;
			buildActionMask = 2147483647;
			files = (
				2D67CCAC27066AB9004AF62D /* ClassifiedsTests.swift in Sources */,
			);
			runOnlyForDeploymentPostprocessing = 0;
		};
		2D67CCAE27066AB9004AF62D /* Sources */ = {
			isa = PBXSourcesBuildPhase;
			buildActionMask = 2147483647;
			files = (
				2D67CCB727066AB9004AF62D /* ClassifiedsUITests.swift in Sources */,
			);
			runOnlyForDeploymentPostprocessing = 0;
		};
/* End PBXSourcesBuildPhase section */

/* Begin PBXTargetDependency section */
		2D67CCA927066AB9004AF62D /* PBXTargetDependency */ = {
			isa = PBXTargetDependency;
			target = 2D67CC9027066AB3004AF62D /* Classifieds */;
			targetProxy = 2D67CCA827066AB9004AF62D /* PBXContainerItemProxy */;
		};
		2D67CCB427066AB9004AF62D /* PBXTargetDependency */ = {
			isa = PBXTargetDependency;
			target = 2D67CC9027066AB3004AF62D /* Classifieds */;
			targetProxy = 2D67CCB327066AB9004AF62D /* PBXContainerItemProxy */;
		};
/* End PBXTargetDependency section */

/* Begin PBXVariantGroup section */
		2D67CC9A27066AB3004AF62D /* Main.storyboard */ = {
			isa = PBXVariantGroup;
			children = (
				2D67CC9B27066AB3004AF62D /* Base */,
			);
			name = Main.storyboard;
			sourceTree = "<group>";
		};
		2D67CC9F27066AB8004AF62D /* LaunchScreen.storyboard */ = {
			isa = PBXVariantGroup;
			children = (
				2D67CCA027066AB8004AF62D /* Base */,
			);
			name = LaunchScreen.storyboard;
			sourceTree = "<group>";
		};
/* End PBXVariantGroup section */

/* Begin XCBuildConfiguration section */
		2D67CCB927066AB9004AF62D /* Debug */ = {
			isa = XCBuildConfiguration;
			buildSettings = {
				ALWAYS_SEARCH_USER_PATHS = NO;
				CLANG_ANALYZER_NONNULL = YES;
				CLANG_ANALYZER_NUMBER_OBJECT_CONVERSION = YES_AGGRESSIVE;
				CLANG_CXX_LANGUAGE_STANDARD = "gnu++14";
				CLANG_CXX_LIBRARY = "libc++";
				CLANG_ENABLE_MODULES = YES;
				CLANG_ENABLE_OBJC_ARC = YES;
				CLANG_ENABLE_OBJC_WEAK = YES;
				CLANG_WARN_BLOCK_CAPTURE_AUTORELEASING = YES;
				CLANG_WARN_BOOL_CONVERSION = YES;
				CLANG_WARN_COMMA = YES;
				CLANG_WARN_CONSTANT_CONVERSION = YES;
				CLANG_WARN_DEPRECATED_OBJC_IMPLEMENTATIONS = YES;
				CLANG_WARN_DIRECT_OBJC_ISA_USAGE = YES_ERROR;
				CLANG_WARN_DOCUMENTATION_COMMENTS = YES;
				CLANG_WARN_EMPTY_BODY = YES;
				CLANG_WARN_ENUM_CONVERSION = YES;
				CLANG_WARN_INFINITE_RECURSION = YES;
				CLANG_WARN_INT_CONVERSION = YES;
				CLANG_WARN_NON_LITERAL_NULL_CONVERSION = YES;
				CLANG_WARN_OBJC_IMPLICIT_RETAIN_SELF = YES;
				CLANG_WARN_OBJC_LITERAL_CONVERSION = YES;
				CLANG_WARN_OBJC_ROOT_CLASS = YES_ERROR;
				CLANG_WARN_QUOTED_INCLUDE_IN_FRAMEWORK_HEADER = YES;
				CLANG_WARN_RANGE_LOOP_ANALYSIS = YES;
				CLANG_WARN_STRICT_PROTOTYPES = YES;
				CLANG_WARN_SUSPICIOUS_MOVE = YES;
				CLANG_WARN_UNGUARDED_AVAILABILITY = YES_AGGRESSIVE;
				CLANG_WARN_UNREACHABLE_CODE = YES;
				CLANG_WARN__DUPLICATE_METHOD_MATCH = YES;
				COPY_PHASE_STRIP = NO;
				DEBUG_INFORMATION_FORMAT = dwarf;
				ENABLE_STRICT_OBJC_MSGSEND = YES;
				ENABLE_TESTABILITY = YES;
				GCC_C_LANGUAGE_STANDARD = gnu11;
				GCC_DYNAMIC_NO_PIC = NO;
				GCC_NO_COMMON_BLOCKS = YES;
				GCC_OPTIMIZATION_LEVEL = 0;
				GCC_PREPROCESSOR_DEFINITIONS = (
					"DEBUG=1",
					"$(inherited)",
				);
				GCC_WARN_64_TO_32_BIT_CONVERSION = YES;
				GCC_WARN_ABOUT_RETURN_TYPE = YES_ERROR;
				GCC_WARN_UNDECLARED_SELECTOR = YES;
				GCC_WARN_UNINITIALIZED_AUTOS = YES_AGGRESSIVE;
				GCC_WARN_UNUSED_FUNCTION = YES;
				GCC_WARN_UNUSED_VARIABLE = YES;
				IPHONEOS_DEPLOYMENT_TARGET = 13.0;
				MTL_ENABLE_DEBUG_INFO = INCLUDE_SOURCE;
				MTL_FAST_MATH = YES;
				ONLY_ACTIVE_ARCH = YES;
				SDKROOT = iphoneos;
				SWIFT_ACTIVE_COMPILATION_CONDITIONS = DEBUG;
				SWIFT_OPTIMIZATION_LEVEL = "-Onone";
			};
			name = Debug;
		};
		2D67CCBA27066AB9004AF62D /* Release */ = {
			isa = XCBuildConfiguration;
			buildSettings = {
				ALWAYS_SEARCH_USER_PATHS = NO;
				CLANG_ANALYZER_NONNULL = YES;
				CLANG_ANALYZER_NUMBER_OBJECT_CONVERSION = YES_AGGRESSIVE;
				CLANG_CXX_LANGUAGE_STANDARD = "gnu++14";
				CLANG_CXX_LIBRARY = "libc++";
				CLANG_ENABLE_MODULES = YES;
				CLANG_ENABLE_OBJC_ARC = YES;
				CLANG_ENABLE_OBJC_WEAK = YES;
				CLANG_WARN_BLOCK_CAPTURE_AUTORELEASING = YES;
				CLANG_WARN_BOOL_CONVERSION = YES;
				CLANG_WARN_COMMA = YES;
				CLANG_WARN_CONSTANT_CONVERSION = YES;
				CLANG_WARN_DEPRECATED_OBJC_IMPLEMENTATIONS = YES;
				CLANG_WARN_DIRECT_OBJC_ISA_USAGE = YES_ERROR;
				CLANG_WARN_DOCUMENTATION_COMMENTS = YES;
				CLANG_WARN_EMPTY_BODY = YES;
				CLANG_WARN_ENUM_CONVERSION = YES;
				CLANG_WARN_INFINITE_RECURSION = YES;
				CLANG_WARN_INT_CONVERSION = YES;
				CLANG_WARN_NON_LITERAL_NULL_CONVERSION = YES;
				CLANG_WARN_OBJC_IMPLICIT_RETAIN_SELF = YES;
				CLANG_WARN_OBJC_LITERAL_CONVERSION = YES;
				CLANG_WARN_OBJC_ROOT_CLASS = YES_ERROR;
				CLANG_WARN_QUOTED_INCLUDE_IN_FRAMEWORK_HEADER = YES;
				CLANG_WARN_RANGE_LOOP_ANALYSIS = YES;
				CLANG_WARN_STRICT_PROTOTYPES = YES;
				CLANG_WARN_SUSPICIOUS_MOVE = YES;
				CLANG_WARN_UNGUARDED_AVAILABILITY = YES_AGGRESSIVE;
				CLANG_WARN_UNREACHABLE_CODE = YES;
				CLANG_WARN__DUPLICATE_METHOD_MATCH = YES;
				COPY_PHASE_STRIP = NO;
				DEBUG_INFORMATION_FORMAT = "dwarf-with-dsym";
				ENABLE_NS_ASSERTIONS = NO;
				ENABLE_STRICT_OBJC_MSGSEND = YES;
				GCC_C_LANGUAGE_STANDARD = gnu11;
				GCC_NO_COMMON_BLOCKS = YES;
				GCC_WARN_64_TO_32_BIT_CONVERSION = YES;
				GCC_WARN_ABOUT_RETURN_TYPE = YES_ERROR;
				GCC_WARN_UNDECLARED_SELECTOR = YES;
				GCC_WARN_UNINITIALIZED_AUTOS = YES_AGGRESSIVE;
				GCC_WARN_UNUSED_FUNCTION = YES;
				GCC_WARN_UNUSED_VARIABLE = YES;
				IPHONEOS_DEPLOYMENT_TARGET = 13.0;
				MTL_ENABLE_DEBUG_INFO = NO;
				MTL_FAST_MATH = YES;
				SDKROOT = iphoneos;
				SWIFT_COMPILATION_MODE = wholemodule;
				SWIFT_OPTIMIZATION_LEVEL = "-O";
				VALIDATE_PRODUCT = YES;
			};
			name = Release;
		};
		2D67CCBC27066AB9004AF62D /* Debug */ = {
			isa = XCBuildConfiguration;
			buildSettings = {
				ASSETCATALOG_COMPILER_APPICON_NAME = AppIcon;
				ASSETCATALOG_COMPILER_GLOBAL_ACCENT_COLOR_NAME = AccentColor;
				CODE_SIGN_STYLE = Automatic;
				DEVELOPMENT_TEAM = H78F7NL94V;
				INFOPLIST_FILE = App/SupportingFiles/Info.plist;
				IPHONEOS_DEPLOYMENT_TARGET = 13.0;
				LD_RUNPATH_SEARCH_PATHS = (
					"$(inherited)",
					"@executable_path/Frameworks",
				);
				MARKETING_VERSION = 1.0.0;
				PRODUCT_BUNDLE_IDENTIFIER = dubai.dubizzle.Classifieds;
				PRODUCT_NAME = "$(TARGET_NAME)";
				SWIFT_VERSION = 5.0;
				TARGETED_DEVICE_FAMILY = "1,2";
			};
			name = Debug;
		};
		2D67CCBD27066AB9004AF62D /* Release */ = {
			isa = XCBuildConfiguration;
			buildSettings = {
				ASSETCATALOG_COMPILER_APPICON_NAME = AppIcon;
				ASSETCATALOG_COMPILER_GLOBAL_ACCENT_COLOR_NAME = AccentColor;
				CODE_SIGN_STYLE = Automatic;
				DEVELOPMENT_TEAM = H78F7NL94V;
				INFOPLIST_FILE = App/SupportingFiles/Info.plist;
				IPHONEOS_DEPLOYMENT_TARGET = 13.0;
				LD_RUNPATH_SEARCH_PATHS = (
					"$(inherited)",
					"@executable_path/Frameworks",
				);
				MARKETING_VERSION = 1.0.0;
				PRODUCT_BUNDLE_IDENTIFIER = dubai.dubizzle.Classifieds;
				PRODUCT_NAME = "$(TARGET_NAME)";
				SWIFT_VERSION = 5.0;
				TARGETED_DEVICE_FAMILY = "1,2";
			};
			name = Release;
		};
		2D67CCBF27066AB9004AF62D /* Debug */ = {
			isa = XCBuildConfiguration;
			buildSettings = {
				ALWAYS_EMBED_SWIFT_STANDARD_LIBRARIES = YES;
				BUNDLE_LOADER = "$(TEST_HOST)";
				CODE_SIGN_STYLE = Automatic;
				DEVELOPMENT_TEAM = H78F7NL94V;
				INFOPLIST_FILE = ClassifiedsTests/Info.plist;
				IPHONEOS_DEPLOYMENT_TARGET = 13.0;
				LD_RUNPATH_SEARCH_PATHS = (
					"$(inherited)",
					"@executable_path/Frameworks",
					"@loader_path/Frameworks",
				);
				PRODUCT_BUNDLE_IDENTIFIER = dubai.dubizzle.ClassifiedsTests;
				PRODUCT_NAME = "$(TARGET_NAME)";
				SWIFT_VERSION = 5.0;
				TARGETED_DEVICE_FAMILY = "1,2";
				TEST_HOST = "$(BUILT_PRODUCTS_DIR)/Classifieds.app/Classifieds";
			};
			name = Debug;
		};
		2D67CCC027066AB9004AF62D /* Release */ = {
			isa = XCBuildConfiguration;
			buildSettings = {
				ALWAYS_EMBED_SWIFT_STANDARD_LIBRARIES = YES;
				BUNDLE_LOADER = "$(TEST_HOST)";
				CODE_SIGN_STYLE = Automatic;
				DEVELOPMENT_TEAM = H78F7NL94V;
				INFOPLIST_FILE = ClassifiedsTests/Info.plist;
				IPHONEOS_DEPLOYMENT_TARGET = 13.0;
				LD_RUNPATH_SEARCH_PATHS = (
					"$(inherited)",
					"@executable_path/Frameworks",
					"@loader_path/Frameworks",
				);
				PRODUCT_BUNDLE_IDENTIFIER = dubai.dubizzle.ClassifiedsTests;
				PRODUCT_NAME = "$(TARGET_NAME)";
				SWIFT_VERSION = 5.0;
				TARGETED_DEVICE_FAMILY = "1,2";
				TEST_HOST = "$(BUILT_PRODUCTS_DIR)/Classifieds.app/Classifieds";
			};
			name = Release;
		};
		2D67CCC227066AB9004AF62D /* Debug */ = {
			isa = XCBuildConfiguration;
			buildSettings = {
				ALWAYS_EMBED_SWIFT_STANDARD_LIBRARIES = YES;
				CODE_SIGN_STYLE = Automatic;
				DEVELOPMENT_TEAM = H78F7NL94V;
				INFOPLIST_FILE = ClassifiedsUITests/Info.plist;
				LD_RUNPATH_SEARCH_PATHS = (
					"$(inherited)",
					"@executable_path/Frameworks",
					"@loader_path/Frameworks",
				);
				PRODUCT_BUNDLE_IDENTIFIER = dubai.dubizzle.ClassifiedsUITests;
				PRODUCT_NAME = "$(TARGET_NAME)";
				SWIFT_VERSION = 5.0;
				TARGETED_DEVICE_FAMILY = "1,2";
				TEST_TARGET_NAME = Classifieds;
			};
			name = Debug;
		};
		2D67CCC327066AB9004AF62D /* Release */ = {
			isa = XCBuildConfiguration;
			buildSettings = {
				ALWAYS_EMBED_SWIFT_STANDARD_LIBRARIES = YES;
				CODE_SIGN_STYLE = Automatic;
				DEVELOPMENT_TEAM = H78F7NL94V;
				INFOPLIST_FILE = ClassifiedsUITests/Info.plist;
				LD_RUNPATH_SEARCH_PATHS = (
					"$(inherited)",
					"@executable_path/Frameworks",
					"@loader_path/Frameworks",
				);
				PRODUCT_BUNDLE_IDENTIFIER = dubai.dubizzle.ClassifiedsUITests;
				PRODUCT_NAME = "$(TARGET_NAME)";
				SWIFT_VERSION = 5.0;
				TARGETED_DEVICE_FAMILY = "1,2";
				TEST_TARGET_NAME = Classifieds;
			};
			name = Release;
		};
/* End XCBuildConfiguration section */

/* Begin XCConfigurationList section */
		2D67CC8C27066AB3004AF62D /* Build configuration list for PBXProject "Classifieds" */ = {
			isa = XCConfigurationList;
			buildConfigurations = (
				2D67CCB927066AB9004AF62D /* Debug */,
				2D67CCBA27066AB9004AF62D /* Release */,
			);
			defaultConfigurationIsVisible = 0;
			defaultConfigurationName = Release;
		};
		2D67CCBB27066AB9004AF62D /* Build configuration list for PBXNativeTarget "Classifieds" */ = {
			isa = XCConfigurationList;
			buildConfigurations = (
				2D67CCBC27066AB9004AF62D /* Debug */,
				2D67CCBD27066AB9004AF62D /* Release */,
			);
			defaultConfigurationIsVisible = 0;
			defaultConfigurationName = Release;
		};
		2D67CCBE27066AB9004AF62D /* Build configuration list for PBXNativeTarget "Tests" */ = {
			isa = XCConfigurationList;
			buildConfigurations = (
				2D67CCBF27066AB9004AF62D /* Debug */,
				2D67CCC027066AB9004AF62D /* Release */,
			);
			defaultConfigurationIsVisible = 0;
			defaultConfigurationName = Release;
		};
		2D67CCC127066AB9004AF62D /* Build configuration list for PBXNativeTarget "UITests" */ = {
			isa = XCConfigurationList;
			buildConfigurations = (
				2D67CCC227066AB9004AF62D /* Debug */,
				2D67CCC327066AB9004AF62D /* Release */,
			);
			defaultConfigurationIsVisible = 0;
			defaultConfigurationName = Release;
		};
/* End XCConfigurationList section */
	};
	rootObject = 2D67CC8927066AB3004AF62D /* Project object */;
}
